
Microsoft Visual Studio Solution File, Format Version 12.00
# Visual Studio 15
VisualStudioVersion = 15.0.28307.779
MinimumVisualStudioVersion = 10.0.40219.1
Project("{FAE04EC0-301F-11D3-BF4B-00C04F79EFBC}") = "Kesme makinesi haberleşme arayüzü", "Kesme makinesi haberleşme arayüzü\Kesme makinesi haberleşme arayüzü.csproj", "{F93AD0FE-01EA-43C3-941B-4EDB41457BD2}"
EndProject
Global
	GlobalSection(SolutionConfigurationPlatforms) = preSolution
		Debug|Any CPU = Debug|Any CPU
		Release|Any CPU = Release|Any CPU
	EndGlobalSection
	GlobalSection(ProjectConfigurationPlatforms) = postSolution
		{F93AD0FE-01EA-43C3-941B-4EDB41457BD2}.Debug|Any CPU.ActiveCfg = Debug|Any CPU
		{F93AD0FE-01EA-43C3-941B-4EDB41457BD2}.Debug|Any CPU.Build.0 = Debug|Any CPU
		{F93AD0FE-01EA-43C3-941B-4EDB41457BD2}.Release|Any CPU.ActiveCfg = Release|Any CPU
		{F93AD0FE-01EA-43C3-941B-4EDB41457BD2}.Release|Any CPU.Build.0 = Release|Any CPU
	EndGlobalSection
	GlobalSection(SolutionProperties) = preSolution
		HideSolutionNode = FALSE
	EndGlobalSection
	GlobalSection(ExtensibilityGlobals) = postSolution
		SolutionGuid = {4E3A5665-474B-4507-8BDF-E6E6223BDF2D}
	EndGlobalSection
EndGlobal
